
Microsoft Visual Studio Solution File, Format Version 12.00
# Visual Studio Version 17
VisualStudioVersion = 17.4.33110.190
MinimumVisualStudioVersion = 10.0.40219.1
Project("{FAE04EC0-301F-11D3-BF4B-00C04F79EFBC}") = "HuanTian.Store", "HuanTian.Store.csproj", "{66324A50-EAF1-4990-91E7-DCE3BAFC9545}"
EndProject
Global
	GlobalSection(SolutionConfigurationPlatforms) = preSolution
		Debug|Any CPU = Debug|Any CPU
		Release|Any CPU = Release|Any CPU
	EndGlobalSection
	GlobalSection(ProjectConfigurationPlatforms) = postSolution
		{66324A50-EAF1-4990-91E7-DCE3BAFC9545}.Debug|Any CPU.ActiveCfg = Debug|Any CPU
		{66324A50-EAF1-4990-91E7-DCE3BAFC9545}.Debug|Any CPU.Build.0 = Debug|Any CPU
		{66324A50-EAF1-4990-91E7-DCE3BAFC9545}.Release|Any CPU.ActiveCfg = Release|Any CPU
		{66324A50-EAF1-4990-91E7-DCE3BAFC9545}.Release|Any CPU.Build.0 = Release|Any CPU
	EndGlobalSection
	GlobalSection(SolutionProperties) = preSolution
		HideSolutionNode = FALSE
	EndGlobalSection
	GlobalSection(ExtensibilityGlobals) = postSolution
		SolutionGuid = {71ED79BE-75EB-4CE5-847B-F7694B6034B7}
	EndGlobalSection
EndGlobal
